// !$*UTF8*$!
{
	archiveVersion = 1;
	classes = {
	};
	objectVersion = 50;
	objects = {

/* Begin PBXBuildFile section */
		114645112463498A0010A698 /* AppDelegate.swift in Sources */ = {isa = PBXBuildFile; fileRef = 114645102463498A0010A698 /* AppDelegate.swift */; };
		114645132463498A0010A698 /* SceneDelegate.swift in Sources */ = {isa = PBXBuildFile; fileRef = 114645122463498A0010A698 /* SceneDelegate.swift */; };
		114645152463498A0010A698 /* ViewController.swift in Sources */ = {isa = PBXBuildFile; fileRef = 114645142463498A0010A698 /* ViewController.swift */; };
		114645182463498A0010A698 /* Main.storyboard in Resources */ = {isa = PBXBuildFile; fileRef = 114645162463498A0010A698 /* Main.storyboard */; };
		1146451A246349910010A698 /* Assets.xcassets in Resources */ = {isa = PBXBuildFile; fileRef = 11464519246349910010A698 /* Assets.xcassets */; };
		1146451D246349910010A698 /* LaunchScreen.storyboard in Resources */ = {isa = PBXBuildFile; fileRef = 1146451B246349910010A698 /* LaunchScreen.storyboard */; };
		11464528246349910010A698 /* MemeTests.swift in Sources */ = {isa = PBXBuildFile; fileRef = 11464527246349910010A698 /* MemeTests.swift */; };
		11464533246349910010A698 /* MemeUITests.swift in Sources */ = {isa = PBXBuildFile; fileRef = 11464532246349910010A698 /* MemeUITests.swift */; };
		114EAC11246DE4F900907E2D /* MemeEditorViewController.swift in Sources */ = {isa = PBXBuildFile; fileRef = 114EAC10246DE4F900907E2D /* MemeEditorViewController.swift */; };
		11F28935247CCC48002696AC /* MemeModel.swift in Sources */ = {isa = PBXBuildFile; fileRef = 11F28934247CCC47002696AC /* MemeModel.swift */; };
/* End PBXBuildFile section */

/* Begin PBXContainerItemProxy section */
		11464524246349910010A698 /* PBXContainerItemProxy */ = {
			isa = PBXContainerItemProxy;
			containerPortal = 114645052463498A0010A698 /* Project object */;
			proxyType = 1;
			remoteGlobalIDString = 1146450C2463498A0010A698;
			remoteInfo = Meme;
		};
		1146452F246349910010A698 /* PBXContainerItemProxy */ = {
			isa = PBXContainerItemProxy;
			containerPortal = 114645052463498A0010A698 /* Project object */;
			proxyType = 1;
			remoteGlobalIDString = 1146450C2463498A0010A698;
			remoteInfo = Meme;
		};
/* End PBXContainerItemProxy section */

/* Begin PBXFileReference section */
		1146450D2463498A0010A698 /* Meme.app */ = {isa = PBXFileReference; explicitFileType = wrapper.application; includeInIndex = 0; path = Meme.app; sourceTree = BUILT_PRODUCTS_DIR; };
		114645102463498A0010A698 /* AppDelegate.swift */ = {isa = PBXFileReference; lastKnownFileType = sourcecode.swift; path = AppDelegate.swift; sourceTree = "<group>"; };
		114645122463498A0010A698 /* SceneDelegate.swift */ = {isa = PBXFileReference; lastKnownFileType = sourcecode.swift; path = SceneDelegate.swift; sourceTree = "<group>"; };
		114645142463498A0010A698 /* ViewController.swift */ = {isa = PBXFileReference; lastKnownFileType = sourcecode.swift; path = ViewController.swift; sourceTree = "<group>"; };
		114645172463498A0010A698 /* Base */ = {isa = PBXFileReference; lastKnownFileType = file.storyboard; name = Base; path = Base.lproj/Main.storyboard; sourceTree = "<group>"; };
		11464519246349910010A698 /* Assets.xcassets */ = {isa = PBXFileReference; lastKnownFileType = folder.assetcatalog; path = Assets.xcassets; sourceTree = "<group>"; };
		1146451C246349910010A698 /* Base */ = {isa = PBXFileReference; lastKnownFileType = file.storyboard; name = Base; path = Base.lproj/LaunchScreen.storyboard; sourceTree = "<group>"; };
		1146451E246349910010A698 /* Info.plist */ = {isa = PBXFileReference; lastKnownFileType = text.plist.xml; path = Info.plist; sourceTree = "<group>"; };
		11464523246349910010A698 /* MemeTests.xctest */ = {isa = PBXFileReference; explicitFileType = wrapper.cfbundle; includeInIndex = 0; path = MemeTests.xctest; sourceTree = BUILT_PRODUCTS_DIR; };
		11464527246349910010A698 /* MemeTests.swift */ = {isa = PBXFileReference; lastKnownFileType = sourcecode.swift; path = MemeTests.swift; sourceTree = "<group>"; };
		11464529246349910010A698 /* Info.plist */ = {isa = PBXFileReference; lastKnownFileType = text.plist.xml; path = Info.plist; sourceTree = "<group>"; };
		1146452E246349910010A698 /* MemeUITests.xctest */ = {isa = PBXFileReference; explicitFileType = wrapper.cfbundle; includeInIndex = 0; path = MemeUITests.xctest; sourceTree = BUILT_PRODUCTS_DIR; };
		11464532246349910010A698 /* MemeUITests.swift */ = {isa = PBXFileReference; lastKnownFileType = sourcecode.swift; path = MemeUITests.swift; sourceTree = "<group>"; };
		11464534246349910010A698 /* Info.plist */ = {isa = PBXFileReference; lastKnownFileType = text.plist.xml; path = Info.plist; sourceTree = "<group>"; };
		114EAC10246DE4F900907E2D /* MemeEditorViewController.swift */ = {isa = PBXFileReference; lastKnownFileType = sourcecode.swift; path = MemeEditorViewController.swift; sourceTree = "<group>"; };
		11F28934247CCC47002696AC /* MemeModel.swift */ = {isa = PBXFileReference; lastKnownFileType = sourcecode.swift; path = MemeModel.swift; sourceTree = "<group>"; };
/* End PBXFileReference section */

/* Begin PBXFrameworksBuildPhase section */
		1146450A2463498A0010A698 /* Frameworks */ = {
			isa = PBXFrameworksBuildPhase;
			buildActionMask = 2147483647;
			files = (
			);
			runOnlyForDeploymentPostprocessing = 0;
		};
		11464520246349910010A698 /* Frameworks */ = {
			isa = PBXFrameworksBuildPhase;
			buildActionMask = 2147483647;
			files = (
			);
			runOnlyForDeploymentPostprocessing = 0;
		};
		1146452B246349910010A698 /* Frameworks */ = {
			isa = PBXFrameworksBuildPhase;
			buildActionMask = 2147483647;
			files = (
			);
			runOnlyForDeploymentPostprocessing = 0;
		};
/* End PBXFrameworksBuildPhase section */

/* Begin PBXGroup section */
		114645042463498A0010A698 = {
			isa = PBXGroup;
			children = (
				1146450F2463498A0010A698 /* Meme */,
				11464526246349910010A698 /* MemeTests */,
				11464531246349910010A698 /* MemeUITests */,
				1146450E2463498A0010A698 /* Products */,
			);
			sourceTree = "<group>";
		};
		1146450E2463498A0010A698 /* Products */ = {
			isa = PBXGroup;
			children = (
				1146450D2463498A0010A698 /* Meme.app */,
				11464523246349910010A698 /* MemeTests.xctest */,
				1146452E246349910010A698 /* MemeUITests.xctest */,
			);
			name = Products;
			sourceTree = "<group>";
		};
		1146450F2463498A0010A698 /* Meme */ = {
			isa = PBXGroup;
			children = (
				114645102463498A0010A698 /* AppDelegate.swift */,
				114645122463498A0010A698 /* SceneDelegate.swift */,
				114645142463498A0010A698 /* ViewController.swift */,
				114EAC10246DE4F900907E2D /* MemeEditorViewController.swift */,
				114645162463498A0010A698 /* Main.storyboard */,
				11464519246349910010A698 /* Assets.xcassets */,
				1146451B246349910010A698 /* LaunchScreen.storyboard */,
				1146451E246349910010A698 /* Info.plist */,
				11F28934247CCC47002696AC /* MemeModel.swift */,
			);
			path = Meme;
			sourceTree = "<group>";
		};
		11464526246349910010A698 /* MemeTests */ = {
			isa = PBXGroup;
			children = (
				11464527246349910010A698 /* MemeTests.swift */,
				11464529246349910010A698 /* Info.plist */,
			);
			path = MemeTests;
			sourceTree = "<group>";
		};
		11464531246349910010A698 /* MemeUITests */ = {
			isa = PBXGroup;
			children = (
				11464532246349910010A698 /* MemeUITests.swift */,
				11464534246349910010A698 /* Info.plist */,
			);
			path = MemeUITests;
			sourceTree = "<group>";
		};
/* End PBXGroup section */

/* Begin PBXNativeTarget section */
		1146450C2463498A0010A698 /* Meme */ = {
			isa = PBXNativeTarget;
			buildConfigurationList = 11464537246349910010A698 /* Build configuration list for PBXNativeTarget "Meme" */;
			buildPhases = (
				114645092463498A0010A698 /* Sources */,
				1146450A2463498A0010A698 /* Frameworks */,
				1146450B2463498A0010A698 /* Resources */,
			);
			buildRules = (
			);
			dependencies = (
			);
			name = Meme;
			productName = Meme;
			productReference = 1146450D2463498A0010A698 /* Meme.app */;
			productType = "com.apple.product-type.application";
		};
		11464522246349910010A698 /* MemeTests */ = {
			isa = PBXNativeTarget;
			buildConfigurationList = 1146453A246349910010A698 /* Build configuration list for PBXNativeTarget "MemeTests" */;
			buildPhases = (
				1146451F246349910010A698 /* Sources */,
				11464520246349910010A698 /* Frameworks */,
				11464521246349910010A698 /* Resources */,
			);
			buildRules = (
			);
			dependencies = (
				11464525246349910010A698 /* PBXTargetDependency */,
			);
			name = MemeTests;
			productName = MemeTests;
			productReference = 11464523246349910010A698 /* MemeTests.xctest */;
			productType = "com.apple.product-type.bundle.unit-test";
		};
		1146452D246349910010A698 /* MemeUITests */ = {
			isa = PBXNativeTarget;
			buildConfigurationList = 1146453D246349910010A698 /* Build configuration list for PBXNativeTarget "MemeUITests" */;
			buildPhases = (
				1146452A246349910010A698 /* Sources */,
				1146452B246349910010A698 /* Frameworks */,
				1146452C246349910010A698 /* Resources */,
			);
			buildRules = (
			);
			dependencies = (
				11464530246349910010A698 /* PBXTargetDependency */,
			);
			name = MemeUITests;
			productName = MemeUITests;
			productReference = 1146452E246349910010A698 /* MemeUITests.xctest */;
			productType = "com.apple.product-type.bundle.ui-testing";
		};
/* End PBXNativeTarget section */

/* Begin PBXProject section */
		114645052463498A0010A698 /* Project object */ = {
			isa = PBXProject;
			attributes = {
				LastSwiftUpdateCheck = 1140;
				LastUpgradeCheck = 1140;
				ORGANIZATIONNAME = sy;
				TargetAttributes = {
					1146450C2463498A0010A698 = {
						CreatedOnToolsVersion = 11.4.1;
					};
					11464522246349910010A698 = {
						CreatedOnToolsVersion = 11.4.1;
						TestTargetID = 1146450C2463498A0010A698;
					};
					1146452D246349910010A698 = {
						CreatedOnToolsVersion = 11.4.1;
						TestTargetID = 1146450C2463498A0010A698;
					};
				};
			};
			buildConfigurationList = 114645082463498A0010A698 /* Build configuration list for PBXProject "Meme" */;
			compatibilityVersion = "Xcode 9.3";
			developmentRegion = en;
			hasScannedForEncodings = 0;
			knownRegions = (
				en,
				Base,
			);
			mainGroup = 114645042463498A0010A698;
			productRefGroup = 1146450E2463498A0010A698 /* Products */;
			projectDirPath = "";
			projectRoot = "";
			targets = (
				1146450C2463498A0010A698 /* Meme */,
				11464522246349910010A698 /* MemeTests */,
				1146452D246349910010A698 /* MemeUITests */,
			);
		};
/* End PBXProject section */

/* Begin PBXResourcesBuildPhase section */
		1146450B2463498A0010A698 /* Resources */ = {
			isa = PBXResourcesBuildPhase;
			buildActionMask = 2147483647;
			files = (
				1146451D246349910010A698 /* LaunchScreen.storyboard in Resources */,
				1146451A246349910010A698 /* Assets.xcassets in Resources */,
				114645182463498A0010A698 /* Main.storyboard in Resources */,
			);
			runOnlyForDeploymentPostprocessing = 0;
		};
		11464521246349910010A698 /* Resources */ = {
			isa = PBXResourcesBuildPhase;
			buildActionMask = 2147483647;
			files = (
			);
			runOnlyForDeploymentPostprocessing = 0;
		};
		1146452C246349910010A698 /* Resources */ = {
			isa = PBXResourcesBuildPhase;
			buildActionMask = 2147483647;
			files = (
			);
			runOnlyForDeploymentPostprocessing = 0;
		};
/* End PBXResourcesBuildPhase section */

/* Begin PBXSourcesBuildPhase section */
		114645092463498A0010A698 /* Sources */ = {
			isa = PBXSourcesBuildPhase;
			buildActionMask = 2147483647;
			files = (
				114EAC11246DE4F900907E2D /* MemeEditorViewController.swift in Sources */,
				114645152463498A0010A698 /* ViewController.swift in Sources */,
				114645112463498A0010A698 /* AppDelegate.swift in Sources */,
				114645132463498A0010A698 /* SceneDelegate.swift in Sources */,
				11F28935247CCC48002696AC /* MemeModel.swift in Sources */,
			);
			runOnlyForDeploymentPostprocessing = 0;
		};
		1146451F246349910010A698 /* Sources */ = {
			isa = PBXSourcesBuildPhase;
			buildActionMask = 2147483647;
			files = (
				11464528246349910010A698 /* MemeTests.swift in Sources */,
			);
			runOnlyForDeploymentPostprocessing = 0;
		};
		1146452A246349910010A698 /* Sources */ = {
			isa = PBXSourcesBuildPhase;
			buildActionMask = 2147483647;
			files = (
				11464533246349910010A698 /* MemeUITests.swift in Sources */,
			);
			runOnlyForDeploymentPostprocessing = 0;
		};
/* End PBXSourcesBuildPhase section */

/* Begin PBXTargetDependency section */
		11464525246349910010A698 /* PBXTargetDependency */ = {
			isa = PBXTargetDependency;
			target = 1146450C2463498A0010A698 /* Meme */;
			targetProxy = 11464524246349910010A698 /* PBXContainerItemProxy */;
		};
		11464530246349910010A698 /* PBXTargetDependency */ = {
			isa = PBXTargetDependency;
			target = 1146450C2463498A0010A698 /* Meme */;
			targetProxy = 1146452F246349910010A698 /* PBXContainerItemProxy */;
		};
/* End PBXTargetDependency section */

/* Begin PBXVariantGroup section */
		114645162463498A0010A698 /* Main.storyboard */ = {
			isa = PBXVariantGroup;
			children = (
				114645172463498A0010A698 /* Base */,
			);
			name = Main.storyboard;
			sourceTree = "<group>";
		};
		1146451B246349910010A698 /* LaunchScreen.storyboard */ = {
			isa = PBXVariantGroup;
			children = (
				1146451C246349910010A698 /* Base */,
			);
			name = LaunchScreen.storyboard;
			sourceTree = "<group>";
		};
/* End PBXVariantGroup section */

/* Begin XCBuildConfiguration section */
		11464535246349910010A698 /* Debug */ = {
			isa = XCBuildConfiguration;
			buildSettings = {
				ALWAYS_SEARCH_USER_PATHS = NO;
				CLANG_ANALYZER_NONNULL = YES;
				CLANG_ANALYZER_NUMBER_OBJECT_CONVERSION = YES_AGGRESSIVE;
				CLANG_CXX_LANGUAGE_STANDARD = "gnu++14";
				CLANG_CXX_LIBRARY = "libc++";
				CLANG_ENABLE_MODULES = YES;
				CLANG_ENABLE_OBJC_ARC = YES;
				CLANG_ENABLE_OBJC_WEAK = YES;
				CLANG_WARN_BLOCK_CAPTURE_AUTORELEASING = YES;
				CLANG_WARN_BOOL_CONVERSION = YES;
				CLANG_WARN_COMMA = YES;
				CLANG_WARN_CONSTANT_CONVERSION = YES;
				CLANG_WARN_DEPRECATED_OBJC_IMPLEMENTATIONS = YES;
				CLANG_WARN_DIRECT_OBJC_ISA_USAGE = YES_ERROR;
				CLANG_WARN_DOCUMENTATION_COMMENTS = YES;
				CLANG_WARN_EMPTY_BODY = YES;
				CLANG_WARN_ENUM_CONVERSION = YES;
				CLANG_WARN_INFINITE_RECURSION = YES;
				CLANG_WARN_INT_CONVERSION = YES;
				CLANG_WARN_NON_LITERAL_NULL_CONVERSION = YES;
				CLANG_WARN_OBJC_IMPLICIT_RETAIN_SELF = YES;
				CLANG_WARN_OBJC_LITERAL_CONVERSION = YES;
				CLANG_WARN_OBJC_ROOT_CLASS = YES_ERROR;
				CLANG_WARN_RANGE_LOOP_ANALYSIS = YES;
				CLANG_WARN_STRICT_PROTOTYPES = YES;
				CLANG_WARN_SUSPICIOUS_MOVE = YES;
				CLANG_WARN_UNGUARDED_AVAILABILITY = YES_AGGRESSIVE;
				CLANG_WARN_UNREACHABLE_CODE = YES;
				CLANG_WARN__DUPLICATE_METHOD_MATCH = YES;
				COPY_PHASE_STRIP = NO;
				DEBUG_INFORMATION_FORMAT = dwarf;
				ENABLE_STRICT_OBJC_MSGSEND = YES;
				ENABLE_TESTABILITY = YES;
				GCC_C_LANGUAGE_STANDARD = gnu11;
				GCC_DYNAMIC_NO_PIC = NO;
				GCC_NO_COMMON_BLOCKS = YES;
				GCC_OPTIMIZATION_LEVEL = 0;
				GCC_PREPROCESSOR_DEFINITIONS = (
					"DEBUG=1",
					"$(inherited)",
				);
				GCC_WARN_64_TO_32_BIT_CONVERSION = YES;
				GCC_WARN_ABOUT_RETURN_TYPE = YES_ERROR;
				GCC_WARN_UNDECLARED_SELECTOR = YES;
				GCC_WARN_UNINITIALIZED_AUTOS = YES_AGGRESSIVE;
				GCC_WARN_UNUSED_FUNCTION = YES;
				GCC_WARN_UNUSED_VARIABLE = YES;
				IPHONEOS_DEPLOYMENT_TARGET = 13.4;
				MTL_ENABLE_DEBUG_INFO = INCLUDE_SOURCE;
				MTL_FAST_MATH = YES;
				ONLY_ACTIVE_ARCH = YES;
				SDKROOT = iphoneos;
				SWIFT_ACTIVE_COMPILATION_CONDITIONS = DEBUG;
				SWIFT_OPTIMIZATION_LEVEL = "-Onone";
			};
			name = Debug;
		};
		11464536246349910010A698 /* Release */ = {
			isa = XCBuildConfiguration;
			buildSettings = {
				ALWAYS_SEARCH_USER_PATHS = NO;
				CLANG_ANALYZER_NONNULL = YES;
				CLANG_ANALYZER_NUMBER_OBJECT_CONVERSION = YES_AGGRESSIVE;
				CLANG_CXX_LANGUAGE_STANDARD = "gnu++14";
				CLANG_CXX_LIBRARY = "libc++";
				CLANG_ENABLE_MODULES = YES;
				CLANG_ENABLE_OBJC_ARC = YES;
				CLANG_ENABLE_OBJC_WEAK = YES;
				CLANG_WARN_BLOCK_CAPTURE_AUTORELEASING = YES;
				CLANG_WARN_BOOL_CONVERSION = YES;
				CLANG_WARN_COMMA = YES;
				CLANG_WARN_CONSTANT_CONVERSION = YES;
				CLANG_WARN_DEPRECATED_OBJC_IMPLEMENTATIONS = YES;
				CLANG_WARN_DIRECT_OBJC_ISA_USAGE = YES_ERROR;
				CLANG_WARN_DOCUMENTATION_COMMENTS = YES;
				CLANG_WARN_EMPTY_BODY = YES;
				CLANG_WARN_ENUM_CONVERSION = YES;
				CLANG_WARN_INFINITE_RECURSION = YES;
				CLANG_WARN_INT_CONVERSION = YES;
				CLANG_WARN_NON_LITERAL_NULL_CONVERSION = YES;
				CLANG_WARN_OBJC_IMPLICIT_RETAIN_SELF = YES;
				CLANG_WARN_OBJC_LITERAL_CONVERSION = YES;
				CLANG_WARN_OBJC_ROOT_CLASS = YES_ERROR;
				CLANG_WARN_RANGE_LOOP_ANALYSIS = YES;
				CLANG_WARN_STRICT_PROTOTYPES = YES;
				CLANG_WARN_SUSPICIOUS_MOVE = YES;
				CLANG_WARN_UNGUARDED_AVAILABILITY = YES_AGGRESSIVE;
				CLANG_WARN_UNREACHABLE_CODE = YES;
				CLANG_WARN__DUPLICATE_METHOD_MATCH = YES;
				COPY_PHASE_STRIP = NO;
				DEBUG_INFORMATION_FORMAT = "dwarf-with-dsym";
				ENABLE_NS_ASSERTIONS = NO;
				ENABLE_STRICT_OBJC_MSGSEND = YES;
				GCC_C_LANGUAGE_STANDARD = gnu11;
				GCC_NO_COMMON_BLOCKS = YES;
				GCC_WARN_64_TO_32_BIT_CONVERSION = YES;
				GCC_WARN_ABOUT_RETURN_TYPE = YES_ERROR;
				GCC_WARN_UNDECLARED_SELECTOR = YES;
				GCC_WARN_UNINITIALIZED_AUTOS = YES_AGGRESSIVE;
				GCC_WARN_UNUSED_FUNCTION = YES;
				GCC_WARN_UNUSED_VARIABLE = YES;
				IPHONEOS_DEPLOYMENT_TARGET = 13.4;
				MTL_ENABLE_DEBUG_INFO = NO;
				MTL_FAST_MATH = YES;
				SDKROOT = iphoneos;
				SWIFT_COMPILATION_MODE = wholemodule;
				SWIFT_OPTIMIZATION_LEVEL = "-O";
				VALIDATE_PRODUCT = YES;
			};
			name = Release;
		};
		11464538246349910010A698 /* Debug */ = {
			isa = XCBuildConfiguration;
			buildSettings = {
				ASSETCATALOG_COMPILER_APPICON_NAME = AppIcon;
				CODE_SIGN_STYLE = Automatic;
				DEVELOPMENT_TEAM = RFHRD4PPF6;
				INFOPLIST_FILE = Meme/Info.plist;
				LD_RUNPATH_SEARCH_PATHS = (
					"$(inherited)",
					"@executable_path/Frameworks",
				);
				PRODUCT_BUNDLE_IDENTIFIER = Nada.Meme;
				PRODUCT_NAME = "$(TARGET_NAME)";
				SWIFT_VERSION = 5.0;
				TARGETED_DEVICE_FAMILY = "1,2";
			};
			name = Debug;
		};
		11464539246349910010A698 /* Release */ = {
			isa = XCBuildConfiguration;
			buildSettings = {
				ASSETCATALOG_COMPILER_APPICON_NAME = AppIcon;
				CODE_SIGN_STYLE = Automatic;
				DEVELOPMENT_TEAM = RFHRD4PPF6;
				INFOPLIST_FILE = Meme/Info.plist;
				LD_RUNPATH_SEARCH_PATHS = (
					"$(inherited)",
					"@executable_path/Frameworks",
				);
				PRODUCT_BUNDLE_IDENTIFIER = Nada.Meme;
				PRODUCT_NAME = "$(TARGET_NAME)";
				SWIFT_VERSION = 5.0;
				TARGETED_DEVICE_FAMILY = "1,2";
			};
			name = Release;
		};
		1146453B246349910010A698 /* Debug */ = {
			isa = XCBuildConfiguration;
			buildSettings = {
				ALWAYS_EMBED_SWIFT_STANDARD_LIBRARIES = YES;
				BUNDLE_LOADER = "$(TEST_HOST)";
				CODE_SIGN_STYLE = Automatic;
				DEVELOPMENT_TEAM = RFHRD4PPF6;
				INFOPLIST_FILE = MemeTests/Info.plist;
				IPHONEOS_DEPLOYMENT_TARGET = 13.4;
				LD_RUNPATH_SEARCH_PATHS = (
					"$(inherited)",
					"@executable_path/Frameworks",
					"@loader_path/Frameworks",
				);
				PRODUCT_BUNDLE_IDENTIFIER = Nada.MemeTests;
				PRODUCT_NAME = "$(TARGET_NAME)";
				SWIFT_VERSION = 5.0;
				TARGETED_DEVICE_FAMILY = "1,2";
				TEST_HOST = "$(BUILT_PRODUCTS_DIR)/Meme.app/Meme";
			};
			name = Debug;
		};
		1146453C246349910010A698 /* Release */ = {
			isa = XCBuildConfiguration;
			buildSettings = {
				ALWAYS_EMBED_SWIFT_STANDARD_LIBRARIES = YES;
				BUNDLE_LOADER = "$(TEST_HOST)";
				CODE_SIGN_STYLE = Automatic;
				DEVELOPMENT_TEAM = RFHRD4PPF6;
				INFOPLIST_FILE = MemeTests/Info.plist;
				IPHONEOS_DEPLOYMENT_TARGET = 13.4;
				LD_RUNPATH_SEARCH_PATHS = (
					"$(inherited)",
					"@executable_path/Frameworks",
					"@loader_path/Frameworks",
				);
				PRODUCT_BUNDLE_IDENTIFIER = Nada.MemeTests;
				PRODUCT_NAME = "$(TARGET_NAME)";
				SWIFT_VERSION = 5.0;
				TARGETED_DEVICE_FAMILY = "1,2";
				TEST_HOST = "$(BUILT_PRODUCTS_DIR)/Meme.app/Meme";
			};
			name = Release;
		};
		1146453E246349910010A698 /* Debug */ = {
			isa = XCBuildConfiguration;
			buildSettings = {
				ALWAYS_EMBED_SWIFT_STANDARD_LIBRARIES = YES;
				CODE_SIGN_STYLE = Automatic;
				DEVELOPMENT_TEAM = RFHRD4PPF6;
				INFOPLIST_FILE = MemeUITests/Info.plist;
				LD_RUNPATH_SEARCH_PATHS = (
					"$(inherited)",
					"@executable_path/Frameworks",
					"@loader_path/Frameworks",
				);
				PRODUCT_BUNDLE_IDENTIFIER = Nada.MemeUITests;
				PRODUCT_NAME = "$(TARGET_NAME)";
				SWIFT_VERSION = 5.0;
				TARGETED_DEVICE_FAMILY = "1,2";
				TEST_TARGET_NAME = Meme;
			};
			name = Debug;
		};
		1146453F246349910010A698 /* Release */ = {
			isa = XCBuildConfiguration;
			buildSettings = {
				ALWAYS_EMBED_SWIFT_STANDARD_LIBRARIES = YES;
				CODE_SIGN_STYLE = Automatic;
				DEVELOPMENT_TEAM = RFHRD4PPF6;
				INFOPLIST_FILE = MemeUITests/Info.plist;
				LD_RUNPATH_SEARCH_PATHS = (
					"$(inherited)",
					"@executable_path/Frameworks",
					"@loader_path/Frameworks",
				);
				PRODUCT_BUNDLE_IDENTIFIER = Nada.MemeUITests;
				PRODUCT_NAME = "$(TARGET_NAME)";
				SWIFT_VERSION = 5.0;
				TARGETED_DEVICE_FAMILY = "1,2";
				TEST_TARGET_NAME = Meme;
			};
			name = Release;
		};
/* End XCBuildConfiguration section */

/* Begin XCConfigurationList section */
		114645082463498A0010A698 /* Build configuration list for PBXProject "Meme" */ = {
			isa = XCConfigurationList;
			buildConfigurations = (
				11464535246349910010A698 /* Debug */,
				11464536246349910010A698 /* Release */,
			);
			defaultConfigurationIsVisible = 0;
			defaultConfigurationName = Release;
		};
		11464537246349910010A698 /* Build configuration list for PBXNativeTarget "Meme" */ = {
			isa = XCConfigurationList;
			buildConfigurations = (
				11464538246349910010A698 /* Debug */,
				11464539246349910010A698 /* Release */,
			);
			defaultConfigurationIsVisible = 0;
			defaultConfigurationName = Release;
		};
		1146453A246349910010A698 /* Build configuration list for PBXNativeTarget "MemeTests" */ = {
			isa = XCConfigurationList;
			buildConfigurations = (
				1146453B246349910010A698 /* Debug */,
				1146453C246349910010A698 /* Release */,
			);
			defaultConfigurationIsVisible = 0;
			defaultConfigurationName = Release;
		};
		1146453D246349910010A698 /* Build configuration list for PBXNativeTarget "MemeUITests" */ = {
			isa = XCConfigurationList;
			buildConfigurations = (
				1146453E246349910010A698 /* Debug */,
				1146453F246349910010A698 /* Release */,
			);
			defaultConfigurationIsVisible = 0;
			defaultConfigurationName = Release;
		};
/* End XCConfigurationList section */
	};
	rootObject = 114645052463498A0010A698 /* Project object */;
}
